{
  "lockfileVersion": 1,
  "configVersion": 0,
  "workspaces": {
    "": {
      "dependencies": {
        "hono": "^4.9.9",
      },
      "devDependencies": {
        "@cloudflare/workers-types": "^4.20251011.0",
      },
    },
  },
  "packages": {
    "@cloudflare/workers-types": ["@cloudflare/workers-types@4.20251115.0", "", {}, "sha512-aM7jp7IfKhqKvfSaK1IhVTbSzxB6KQ4gX8e/W29tOuZk+YHlYXuRd/bMm4hWkfd7B1HWNWdsx1GTaEUoZIuVsw=="],

    "hono": ["hono@4.10.6", "", {}, "sha512-BIdolzGpDO9MQ4nu3AUuDwHZZ+KViNm+EZ75Ae55eMXMqLVhDFqEMXxtUe9Qh8hjL+pIna/frs2j6Y2yD5Ua/g=="],
  }
}
